// !$*UTF8*$!
{
	archiveVersion = 1;
	classes = {
	};
	objectVersion = 50;
	objects = {

/* Begin PBXBuildFile section */
		1ACB9F4B261CFA040079DE81 /* AppDelegate.swift in Sources */ = {isa = PBXBuildFile; fileRef = 1ACB9F4A261CFA040079DE81 /* AppDelegate.swift */; };
		1ACB9F4D261CFA040079DE81 /* SceneDelegate.swift in Sources */ = {isa = PBXBuildFile; fileRef = 1ACB9F4C261CFA040079DE81 /* SceneDelegate.swift */; };
		1ACB9F4F261CFA040079DE81 /* ViewController.swift in Sources */ = {isa = PBXBuildFile; fileRef = 1ACB9F4E261CFA040079DE81 /* ViewController.swift */; };
		1ACB9F52261CFA040079DE81 /* Main.storyboard in Resources */ = {isa = PBXBuildFile; fileRef = 1ACB9F50261CFA040079DE81 /* Main.storyboard */; };
		1ACB9F55261CFA040079DE81 /* Invi.xcdatamodeld in Sources */ = {isa = PBXBuildFile; fileRef = 1ACB9F53261CFA040079DE81 /* Invi.xcdatamodeld */; };
		1ACB9F57261CFA050079DE81 /* Assets.xcassets in Resources */ = {isa = PBXBuildFile; fileRef = 1ACB9F56261CFA050079DE81 /* Assets.xcassets */; };
		1ACB9F5A261CFA050079DE81 /* LaunchScreen.storyboard in Resources */ = {isa = PBXBuildFile; fileRef = 1ACB9F58261CFA050079DE81 /* LaunchScreen.storyboard */; };
		1ACB9F65261CFA050079DE81 /* InviTests.swift in Sources */ = {isa = PBXBuildFile; fileRef = 1ACB9F64261CFA050079DE81 /* InviTests.swift */; };
		1ACB9F70261CFA050079DE81 /* InviUITests.swift in Sources */ = {isa = PBXBuildFile; fileRef = 1ACB9F6F261CFA050079DE81 /* InviUITests.swift */; };
/* End PBXBuildFile section */

/* Begin PBXContainerItemProxy section */
		1ACB9F61261CFA050079DE81 /* PBXContainerItemProxy */ = {
			isa = PBXContainerItemProxy;
			containerPortal = 1ACB9F3F261CFA040079DE81 /* Project object */;
			proxyType = 1;
			remoteGlobalIDString = 1ACB9F46261CFA040079DE81;
			remoteInfo = Invi;
		};
		1ACB9F6C261CFA050079DE81 /* PBXContainerItemProxy */ = {
			isa = PBXContainerItemProxy;
			containerPortal = 1ACB9F3F261CFA040079DE81 /* Project object */;
			proxyType = 1;
			remoteGlobalIDString = 1ACB9F46261CFA040079DE81;
			remoteInfo = Invi;
		};
/* End PBXContainerItemProxy section */

/* Begin PBXFileReference section */
		1ACB9F47261CFA040079DE81 /* Invi.app */ = {isa = PBXFileReference; explicitFileType = wrapper.application; includeInIndex = 0; path = Invi.app; sourceTree = BUILT_PRODUCTS_DIR; };
		1ACB9F4A261CFA040079DE81 /* AppDelegate.swift */ = {isa = PBXFileReference; lastKnownFileType = sourcecode.swift; path = AppDelegate.swift; sourceTree = "<group>"; };
		1ACB9F4C261CFA040079DE81 /* SceneDelegate.swift */ = {isa = PBXFileReference; lastKnownFileType = sourcecode.swift; path = SceneDelegate.swift; sourceTree = "<group>"; };
		1ACB9F4E261CFA040079DE81 /* ViewController.swift */ = {isa = PBXFileReference; lastKnownFileType = sourcecode.swift; path = ViewController.swift; sourceTree = "<group>"; };
		1ACB9F51261CFA040079DE81 /* Base */ = {isa = PBXFileReference; lastKnownFileType = file.storyboard; name = Base; path = Base.lproj/Main.storyboard; sourceTree = "<group>"; };
		1ACB9F54261CFA040079DE81 /* Invi.xcdatamodel */ = {isa = PBXFileReference; lastKnownFileType = wrapper.xcdatamodel; path = Invi.xcdatamodel; sourceTree = "<group>"; };
		1ACB9F56261CFA050079DE81 /* Assets.xcassets */ = {isa = PBXFileReference; lastKnownFileType = folder.assetcatalog; path = Assets.xcassets; sourceTree = "<group>"; };
		1ACB9F59261CFA050079DE81 /* Base */ = {isa = PBXFileReference; lastKnownFileType = file.storyboard; name = Base; path = Base.lproj/LaunchScreen.storyboard; sourceTree = "<group>"; };
		1ACB9F5B261CFA050079DE81 /* Info.plist */ = {isa = PBXFileReference; lastKnownFileType = text.plist.xml; path = Info.plist; sourceTree = "<group>"; };
		1ACB9F60261CFA050079DE81 /* InviTests.xctest */ = {isa = PBXFileReference; explicitFileType = wrapper.cfbundle; includeInIndex = 0; path = InviTests.xctest; sourceTree = BUILT_PRODUCTS_DIR; };
		1ACB9F64261CFA050079DE81 /* InviTests.swift */ = {isa = PBXFileReference; lastKnownFileType = sourcecode.swift; path = InviTests.swift; sourceTree = "<group>"; };
		1ACB9F66261CFA050079DE81 /* Info.plist */ = {isa = PBXFileReference; lastKnownFileType = text.plist.xml; path = Info.plist; sourceTree = "<group>"; };
		1ACB9F6B261CFA050079DE81 /* InviUITests.xctest */ = {isa = PBXFileReference; explicitFileType = wrapper.cfbundle; includeInIndex = 0; path = InviUITests.xctest; sourceTree = BUILT_PRODUCTS_DIR; };
		1ACB9F6F261CFA050079DE81 /* InviUITests.swift */ = {isa = PBXFileReference; lastKnownFileType = sourcecode.swift; path = InviUITests.swift; sourceTree = "<group>"; };
		1ACB9F71261CFA050079DE81 /* Info.plist */ = {isa = PBXFileReference; lastKnownFileType = text.plist.xml; path = Info.plist; sourceTree = "<group>"; };
/* End PBXFileReference section */

/* Begin PBXFrameworksBuildPhase section */
		1ACB9F44261CFA040079DE81 /* Frameworks */ = {
			isa = PBXFrameworksBuildPhase;
			buildActionMask = 2147483647;
			files = (
			);
			runOnlyForDeploymentPostprocessing = 0;
		};
		1ACB9F5D261CFA050079DE81 /* Frameworks */ = {
			isa = PBXFrameworksBuildPhase;
			buildActionMask = 2147483647;
			files = (
			);
			runOnlyForDeploymentPostprocessing = 0;
		};
		1ACB9F68261CFA050079DE81 /* Frameworks */ = {
			isa = PBXFrameworksBuildPhase;
			buildActionMask = 2147483647;
			files = (
			);
			runOnlyForDeploymentPostprocessing = 0;
		};
/* End PBXFrameworksBuildPhase section */

/* Begin PBXGroup section */
		1ACB9F3E261CFA040079DE81 = {
			isa = PBXGroup;
			children = (
				1ACB9F49261CFA040079DE81 /* Invi */,
				1ACB9F63261CFA050079DE81 /* InviTests */,
				1ACB9F6E261CFA050079DE81 /* InviUITests */,
				1ACB9F48261CFA040079DE81 /* Products */,
			);
			sourceTree = "<group>";
		};
		1ACB9F48261CFA040079DE81 /* Products */ = {
			isa = PBXGroup;
			children = (
				1ACB9F47261CFA040079DE81 /* Invi.app */,
				1ACB9F60261CFA050079DE81 /* InviTests.xctest */,
				1ACB9F6B261CFA050079DE81 /* InviUITests.xctest */,
			);
			name = Products;
			sourceTree = "<group>";
		};
		1ACB9F49261CFA040079DE81 /* Invi */ = {
			isa = PBXGroup;
			children = (
				1ACB9F4A261CFA040079DE81 /* AppDelegate.swift */,
				1ACB9F4C261CFA040079DE81 /* SceneDelegate.swift */,
				1ACB9F4E261CFA040079DE81 /* ViewController.swift */,
				1ACB9F50261CFA040079DE81 /* Main.storyboard */,
				1ACB9F56261CFA050079DE81 /* Assets.xcassets */,
				1ACB9F58261CFA050079DE81 /* LaunchScreen.storyboard */,
				1ACB9F5B261CFA050079DE81 /* Info.plist */,
				1ACB9F53261CFA040079DE81 /* Invi.xcdatamodeld */,
			);
			path = Invi;
			sourceTree = "<group>";
		};
		1ACB9F63261CFA050079DE81 /* InviTests */ = {
			isa = PBXGroup;
			children = (
				1ACB9F64261CFA050079DE81 /* InviTests.swift */,
				1ACB9F66261CFA050079DE81 /* Info.plist */,
			);
			path = InviTests;
			sourceTree = "<group>";
		};
		1ACB9F6E261CFA050079DE81 /* InviUITests */ = {
			isa = PBXGroup;
			children = (
				1ACB9F6F261CFA050079DE81 /* InviUITests.swift */,
				1ACB9F71261CFA050079DE81 /* Info.plist */,
			);
			path = InviUITests;
			sourceTree = "<group>";
		};
/* End PBXGroup section */

/* Begin PBXNativeTarget section */
		1ACB9F46261CFA040079DE81 /* Invi */ = {
			isa = PBXNativeTarget;
			buildConfigurationList = 1ACB9F74261CFA050079DE81 /* Build configuration list for PBXNativeTarget "Invi" */;
			buildPhases = (
				1ACB9F43261CFA040079DE81 /* Sources */,
				1ACB9F44261CFA040079DE81 /* Frameworks */,
				1ACB9F45261CFA040079DE81 /* Resources */,
			);
			buildRules = (
			);
			dependencies = (
			);
			name = Invi;
			productName = Invi;
			productReference = 1ACB9F47261CFA040079DE81 /* Invi.app */;
			productType = "com.apple.product-type.application";
		};
		1ACB9F5F261CFA050079DE81 /* InviTests */ = {
			isa = PBXNativeTarget;
			buildConfigurationList = 1ACB9F77261CFA050079DE81 /* Build configuration list for PBXNativeTarget "InviTests" */;
			buildPhases = (
				1ACB9F5C261CFA050079DE81 /* Sources */,
				1ACB9F5D261CFA050079DE81 /* Frameworks */,
				1ACB9F5E261CFA050079DE81 /* Resources */,
			);
			buildRules = (
			);
			dependencies = (
				1ACB9F62261CFA050079DE81 /* PBXTargetDependency */,
			);
			name = InviTests;
			productName = InviTests;
			productReference = 1ACB9F60261CFA050079DE81 /* InviTests.xctest */;
			productType = "com.apple.product-type.bundle.unit-test";
		};
		1ACB9F6A261CFA050079DE81 /* InviUITests */ = {
			isa = PBXNativeTarget;
			buildConfigurationList = 1ACB9F7A261CFA050079DE81 /* Build configuration list for PBXNativeTarget "InviUITests" */;
			buildPhases = (
				1ACB9F67261CFA050079DE81 /* Sources */,
				1ACB9F68261CFA050079DE81 /* Frameworks */,
				1ACB9F69261CFA050079DE81 /* Resources */,
			);
			buildRules = (
			);
			dependencies = (
				1ACB9F6D261CFA050079DE81 /* PBXTargetDependency */,
			);
			name = InviUITests;
			productName = InviUITests;
			productReference = 1ACB9F6B261CFA050079DE81 /* InviUITests.xctest */;
			productType = "com.apple.product-type.bundle.ui-testing";
		};
/* End PBXNativeTarget section */

/* Begin PBXProject section */
		1ACB9F3F261CFA040079DE81 /* Project object */ = {
			isa = PBXProject;
			attributes = {
				LastSwiftUpdateCheck = 1230;
				LastUpgradeCheck = 1230;
				TargetAttributes = {
					1ACB9F46261CFA040079DE81 = {
						CreatedOnToolsVersion = 12.3;
					};
					1ACB9F5F261CFA050079DE81 = {
						CreatedOnToolsVersion = 12.3;
						TestTargetID = 1ACB9F46261CFA040079DE81;
					};
					1ACB9F6A261CFA050079DE81 = {
						CreatedOnToolsVersion = 12.3;
						TestTargetID = 1ACB9F46261CFA040079DE81;
					};
				};
			};
			buildConfigurationList = 1ACB9F42261CFA040079DE81 /* Build configuration list for PBXProject "Invi" */;
			compatibilityVersion = "Xcode 9.3";
			developmentRegion = en;
			hasScannedForEncodings = 0;
			knownRegions = (
				en,
				Base,
			);
			mainGroup = 1ACB9F3E261CFA040079DE81;
			productRefGroup = 1ACB9F48261CFA040079DE81 /* Products */;
			projectDirPath = "";
			projectRoot = "";
			targets = (
				1ACB9F46261CFA040079DE81 /* Invi */,
				1ACB9F5F261CFA050079DE81 /* InviTests */,
				1ACB9F6A261CFA050079DE81 /* InviUITests */,
			);
		};
/* End PBXProject section */

/* Begin PBXResourcesBuildPhase section */
		1ACB9F45261CFA040079DE81 /* Resources */ = {
			isa = PBXResourcesBuildPhase;
			buildActionMask = 2147483647;
			files = (
				1ACB9F5A261CFA050079DE81 /* LaunchScreen.storyboard in Resources */,
				1ACB9F57261CFA050079DE81 /* Assets.xcassets in Resources */,
				1ACB9F52261CFA040079DE81 /* Main.storyboard in Resources */,
			);
			runOnlyForDeploymentPostprocessing = 0;
		};
		1ACB9F5E261CFA050079DE81 /* Resources */ = {
			isa = PBXResourcesBuildPhase;
			buildActionMask = 2147483647;
			files = (
			);
			runOnlyForDeploymentPostprocessing = 0;
		};
		1ACB9F69261CFA050079DE81 /* Resources */ = {
			isa = PBXResourcesBuildPhase;
			buildActionMask = 2147483647;
			files = (
			);
			runOnlyForDeploymentPostprocessing = 0;
		};
/* End PBXResourcesBuildPhase section */

/* Begin PBXSourcesBuildPhase section */
		1ACB9F43261CFA040079DE81 /* Sources */ = {
			isa = PBXSourcesBuildPhase;
			buildActionMask = 2147483647;
			files = (
				1ACB9F4F261CFA040079DE81 /* ViewController.swift in Sources */,
				1ACB9F4B261CFA040079DE81 /* AppDelegate.swift in Sources */,
				1ACB9F4D261CFA040079DE81 /* SceneDelegate.swift in Sources */,
				1ACB9F55261CFA040079DE81 /* Invi.xcdatamodeld in Sources */,
			);
			runOnlyForDeploymentPostprocessing = 0;
		};
		1ACB9F5C261CFA050079DE81 /* Sources */ = {
			isa = PBXSourcesBuildPhase;
			buildActionMask = 2147483647;
			files = (
				1ACB9F65261CFA050079DE81 /* InviTests.swift in Sources */,
			);
			runOnlyForDeploymentPostprocessing = 0;
		};
		1ACB9F67261CFA050079DE81 /* Sources */ = {
			isa = PBXSourcesBuildPhase;
			buildActionMask = 2147483647;
			files = (
				1ACB9F70261CFA050079DE81 /* InviUITests.swift in Sources */,
			);
			runOnlyForDeploymentPostprocessing = 0;
		};
/* End PBXSourcesBuildPhase section */

/* Begin PBXTargetDependency section */
		1ACB9F62261CFA050079DE81 /* PBXTargetDependency */ = {
			isa = PBXTargetDependency;
			target = 1ACB9F46261CFA040079DE81 /* Invi */;
			targetProxy = 1ACB9F61261CFA050079DE81 /* PBXContainerItemProxy */;
		};
		1ACB9F6D261CFA050079DE81 /* PBXTargetDependency */ = {
			isa = PBXTargetDependency;
			target = 1ACB9F46261CFA040079DE81 /* Invi */;
			targetProxy = 1ACB9F6C261CFA050079DE81 /* PBXContainerItemProxy */;
		};
/* End PBXTargetDependency section */

/* Begin PBXVariantGroup section */
		1ACB9F50261CFA040079DE81 /* Main.storyboard */ = {
			isa = PBXVariantGroup;
			children = (
				1ACB9F51261CFA040079DE81 /* Base */,
			);
			name = Main.storyboard;
			sourceTree = "<group>";
		};
		1ACB9F58261CFA050079DE81 /* LaunchScreen.storyboard */ = {
			isa = PBXVariantGroup;
			children = (
				1ACB9F59261CFA050079DE81 /* Base */,
			);
			name = LaunchScreen.storyboard;
			sourceTree = "<group>";
		};
/* End PBXVariantGroup section */

/* Begin XCBuildConfiguration section */
		1ACB9F72261CFA050079DE81 /* Debug */ = {
			isa = XCBuildConfiguration;
			buildSettings = {
				ALWAYS_SEARCH_USER_PATHS = NO;
				CLANG_ANALYZER_NONNULL = YES;
				CLANG_ANALYZER_NUMBER_OBJECT_CONVERSION = YES_AGGRESSIVE;
				CLANG_CXX_LANGUAGE_STANDARD = "gnu++14";
				CLANG_CXX_LIBRARY = "libc++";
				CLANG_ENABLE_MODULES = YES;
				CLANG_ENABLE_OBJC_ARC = YES;
				CLANG_ENABLE_OBJC_WEAK = YES;
				CLANG_WARN_BLOCK_CAPTURE_AUTORELEASING = YES;
				CLANG_WARN_BOOL_CONVERSION = YES;
				CLANG_WARN_COMMA = YES;
				CLANG_WARN_CONSTANT_CONVERSION = YES;
				CLANG_WARN_DEPRECATED_OBJC_IMPLEMENTATIONS = YES;
				CLANG_WARN_DIRECT_OBJC_ISA_USAGE = YES_ERROR;
				CLANG_WARN_DOCUMENTATION_COMMENTS = YES;
				CLANG_WARN_EMPTY_BODY = YES;
				CLANG_WARN_ENUM_CONVERSION = YES;
				CLANG_WARN_INFINITE_RECURSION = YES;
				CLANG_WARN_INT_CONVERSION = YES;
				CLANG_WARN_NON_LITERAL_NULL_CONVERSION = YES;
				CLANG_WARN_OBJC_IMPLICIT_RETAIN_SELF = YES;
				CLANG_WARN_OBJC_LITERAL_CONVERSION = YES;
				CLANG_WARN_OBJC_ROOT_CLASS = YES_ERROR;
				CLANG_WARN_QUOTED_INCLUDE_IN_FRAMEWORK_HEADER = YES;
				CLANG_WARN_RANGE_LOOP_ANALYSIS = YES;
				CLANG_WARN_STRICT_PROTOTYPES = YES;
				CLANG_WARN_SUSPICIOUS_MOVE = YES;
				CLANG_WARN_UNGUARDED_AVAILABILITY = YES_AGGRESSIVE;
				CLANG_WARN_UNREACHABLE_CODE = YES;
				CLANG_WARN__DUPLICATE_METHOD_MATCH = YES;
				COPY_PHASE_STRIP = NO;
				DEBUG_INFORMATION_FORMAT = dwarf;
				ENABLE_STRICT_OBJC_MSGSEND = YES;
				ENABLE_TESTABILITY = YES;
				GCC_C_LANGUAGE_STANDARD = gnu11;
				GCC_DYNAMIC_NO_PIC = NO;
				GCC_NO_COMMON_BLOCKS = YES;
				GCC_OPTIMIZATION_LEVEL = 0;
				GCC_PREPROCESSOR_DEFINITIONS = (
					"DEBUG=1",
					"$(inherited)",
				);
				GCC_WARN_64_TO_32_BIT_CONVERSION = YES;
				GCC_WARN_ABOUT_RETURN_TYPE = YES_ERROR;
				GCC_WARN_UNDECLARED_SELECTOR = YES;
				GCC_WARN_UNINITIALIZED_AUTOS = YES_AGGRESSIVE;
				GCC_WARN_UNUSED_FUNCTION = YES;
				GCC_WARN_UNUSED_VARIABLE = YES;
				IPHONEOS_DEPLOYMENT_TARGET = 14.3;
				MTL_ENABLE_DEBUG_INFO = INCLUDE_SOURCE;
				MTL_FAST_MATH = YES;
				ONLY_ACTIVE_ARCH = YES;
				SDKROOT = iphoneos;
				SWIFT_ACTIVE_COMPILATION_CONDITIONS = DEBUG;
				SWIFT_OPTIMIZATION_LEVEL = "-Onone";
			};
			name = Debug;
		};
		1ACB9F73261CFA050079DE81 /* Release */ = {
			isa = XCBuildConfiguration;
			buildSettings = {
				ALWAYS_SEARCH_USER_PATHS = NO;
				CLANG_ANALYZER_NONNULL = YES;
				CLANG_ANALYZER_NUMBER_OBJECT_CONVERSION = YES_AGGRESSIVE;
				CLANG_CXX_LANGUAGE_STANDARD = "gnu++14";
				CLANG_CXX_LIBRARY = "libc++";
				CLANG_ENABLE_MODULES = YES;
				CLANG_ENABLE_OBJC_ARC = YES;
				CLANG_ENABLE_OBJC_WEAK = YES;
				CLANG_WARN_BLOCK_CAPTURE_AUTORELEASING = YES;
				CLANG_WARN_BOOL_CONVERSION = YES;
				CLANG_WARN_COMMA = YES;
				CLANG_WARN_CONSTANT_CONVERSION = YES;
				CLANG_WARN_DEPRECATED_OBJC_IMPLEMENTATIONS = YES;
				CLANG_WARN_DIRECT_OBJC_ISA_USAGE = YES_ERROR;
				CLANG_WARN_DOCUMENTATION_COMMENTS = YES;
				CLANG_WARN_EMPTY_BODY = YES;
				CLANG_WARN_ENUM_CONVERSION = YES;
				CLANG_WARN_INFINITE_RECURSION = YES;
				CLANG_WARN_INT_CONVERSION = YES;
				CLANG_WARN_NON_LITERAL_NULL_CONVERSION = YES;
				CLANG_WARN_OBJC_IMPLICIT_RETAIN_SELF = YES;
				CLANG_WARN_OBJC_LITERAL_CONVERSION = YES;
				CLANG_WARN_OBJC_ROOT_CLASS = YES_ERROR;
				CLANG_WARN_QUOTED_INCLUDE_IN_FRAMEWORK_HEADER = YES;
				CLANG_WARN_RANGE_LOOP_ANALYSIS = YES;
				CLANG_WARN_STRICT_PROTOTYPES = YES;
				CLANG_WARN_SUSPICIOUS_MOVE = YES;
				CLANG_WARN_UNGUARDED_AVAILABILITY = YES_AGGRESSIVE;
				CLANG_WARN_UNREACHABLE_CODE = YES;
				CLANG_WARN__DUPLICATE_METHOD_MATCH = YES;
				COPY_PHASE_STRIP = NO;
				DEBUG_INFORMATION_FORMAT = "dwarf-with-dsym";
				ENABLE_NS_ASSERTIONS = NO;
				ENABLE_STRICT_OBJC_MSGSEND = YES;
				GCC_C_LANGUAGE_STANDARD = gnu11;
				GCC_NO_COMMON_BLOCKS = YES;
				GCC_WARN_64_TO_32_BIT_CONVERSION = YES;
				GCC_WARN_ABOUT_RETURN_TYPE = YES_ERROR;
				GCC_WARN_UNDECLARED_SELECTOR = YES;
				GCC_WARN_UNINITIALIZED_AUTOS = YES_AGGRESSIVE;
				GCC_WARN_UNUSED_FUNCTION = YES;
				GCC_WARN_UNUSED_VARIABLE = YES;
				IPHONEOS_DEPLOYMENT_TARGET = 14.3;
				MTL_ENABLE_DEBUG_INFO = NO;
				MTL_FAST_MATH = YES;
				SDKROOT = iphoneos;
				SWIFT_COMPILATION_MODE = wholemodule;
				SWIFT_OPTIMIZATION_LEVEL = "-O";
				VALIDATE_PRODUCT = YES;
			};
			name = Release;
		};
		1ACB9F75261CFA050079DE81 /* Debug */ = {
			isa = XCBuildConfiguration;
			buildSettings = {
				ASSETCATALOG_COMPILER_APPICON_NAME = AppIcon;
				ASSETCATALOG_COMPILER_GLOBAL_ACCENT_COLOR_NAME = AccentColor;
				CODE_SIGN_STYLE = Automatic;
				INFOPLIST_FILE = Invi/Info.plist;
				LD_RUNPATH_SEARCH_PATHS = (
					"$(inherited)",
					"@executable_path/Frameworks",
				);
				PRODUCT_BUNDLE_IDENTIFIER = "com.invi-ios.Invi";
				PRODUCT_NAME = "$(TARGET_NAME)";
				SWIFT_VERSION = 5.0;
				TARGETED_DEVICE_FAMILY = "1,2";
			};
			name = Debug;
		};
		1ACB9F76261CFA050079DE81 /* Release */ = {
			isa = XCBuildConfiguration;
			buildSettings = {
				ASSETCATALOG_COMPILER_APPICON_NAME = AppIcon;
				ASSETCATALOG_COMPILER_GLOBAL_ACCENT_COLOR_NAME = AccentColor;
				CODE_SIGN_STYLE = Automatic;
				INFOPLIST_FILE = Invi/Info.plist;
				LD_RUNPATH_SEARCH_PATHS = (
					"$(inherited)",
					"@executable_path/Frameworks",
				);
				PRODUCT_BUNDLE_IDENTIFIER = "com.invi-ios.Invi";
				PRODUCT_NAME = "$(TARGET_NAME)";
				SWIFT_VERSION = 5.0;
				TARGETED_DEVICE_FAMILY = "1,2";
			};
			name = Release;
		};
		1ACB9F78261CFA050079DE81 /* Debug */ = {
			isa = XCBuildConfiguration;
			buildSettings = {
				ALWAYS_EMBED_SWIFT_STANDARD_LIBRARIES = YES;
				BUNDLE_LOADER = "$(TEST_HOST)";
				CODE_SIGN_STYLE = Automatic;
				INFOPLIST_FILE = InviTests/Info.plist;
				IPHONEOS_DEPLOYMENT_TARGET = 14.3;
				LD_RUNPATH_SEARCH_PATHS = (
					"$(inherited)",
					"@executable_path/Frameworks",
					"@loader_path/Frameworks",
				);
				PRODUCT_BUNDLE_IDENTIFIER = "com.invi-ios.InviTests";
				PRODUCT_NAME = "$(TARGET_NAME)";
				SWIFT_VERSION = 5.0;
				TARGETED_DEVICE_FAMILY = "1,2";
				TEST_HOST = "$(BUILT_PRODUCTS_DIR)/Invi.app/Invi";
			};
			name = Debug;
		};
		1ACB9F79261CFA050079DE81 /* Release */ = {
			isa = XCBuildConfiguration;
			buildSettings = {
				ALWAYS_EMBED_SWIFT_STANDARD_LIBRARIES = YES;
				BUNDLE_LOADER = "$(TEST_HOST)";
				CODE_SIGN_STYLE = Automatic;
				INFOPLIST_FILE = InviTests/Info.plist;
				IPHONEOS_DEPLOYMENT_TARGET = 14.3;
				LD_RUNPATH_SEARCH_PATHS = (
					"$(inherited)",
					"@executable_path/Frameworks",
					"@loader_path/Frameworks",
				);
				PRODUCT_BUNDLE_IDENTIFIER = "com.invi-ios.InviTests";
				PRODUCT_NAME = "$(TARGET_NAME)";
				SWIFT_VERSION = 5.0;
				TARGETED_DEVICE_FAMILY = "1,2";
				TEST_HOST = "$(BUILT_PRODUCTS_DIR)/Invi.app/Invi";
			};
			name = Release;
		};
		1ACB9F7B261CFA050079DE81 /* Debug */ = {
			isa = XCBuildConfiguration;
			buildSettings = {
				ALWAYS_EMBED_SWIFT_STANDARD_LIBRARIES = YES;
				CODE_SIGN_STYLE = Automatic;
				INFOPLIST_FILE = InviUITests/Info.plist;
				LD_RUNPATH_SEARCH_PATHS = (
					"$(inherited)",
					"@executable_path/Frameworks",
					"@loader_path/Frameworks",
				);
				PRODUCT_BUNDLE_IDENTIFIER = "com.invi-ios.InviUITests";
				PRODUCT_NAME = "$(TARGET_NAME)";
				SWIFT_VERSION = 5.0;
				TARGETED_DEVICE_FAMILY = "1,2";
				TEST_TARGET_NAME = Invi;
			};
			name = Debug;
		};
		1ACB9F7C261CFA050079DE81 /* Release */ = {
			isa = XCBuildConfiguration;
			buildSettings = {
				ALWAYS_EMBED_SWIFT_STANDARD_LIBRARIES = YES;
				CODE_SIGN_STYLE = Automatic;
				INFOPLIST_FILE = InviUITests/Info.plist;
				LD_RUNPATH_SEARCH_PATHS = (
					"$(inherited)",
					"@executable_path/Frameworks",
					"@loader_path/Frameworks",
				);
				PRODUCT_BUNDLE_IDENTIFIER = "com.invi-ios.InviUITests";
				PRODUCT_NAME = "$(TARGET_NAME)";
				SWIFT_VERSION = 5.0;
				TARGETED_DEVICE_FAMILY = "1,2";
				TEST_TARGET_NAME = Invi;
			};
			name = Release;
		};
/* End XCBuildConfiguration section */

/* Begin XCConfigurationList section */
		1ACB9F42261CFA040079DE81 /* Build configuration list for PBXProject "Invi" */ = {
			isa = XCConfigurationList;
			buildConfigurations = (
				1ACB9F72261CFA050079DE81 /* Debug */,
				1ACB9F73261CFA050079DE81 /* Release */,
			);
			defaultConfigurationIsVisible = 0;
			defaultConfigurationName = Release;
		};
		1ACB9F74261CFA050079DE81 /* Build configuration list for PBXNativeTarget "Invi" */ = {
			isa = XCConfigurationList;
			buildConfigurations = (
				1ACB9F75261CFA050079DE81 /* Debug */,
				1ACB9F76261CFA050079DE81 /* Release */,
			);
			defaultConfigurationIsVisible = 0;
			defaultConfigurationName = Release;
		};
		1ACB9F77261CFA050079DE81 /* Build configuration list for PBXNativeTarget "InviTests" */ = {
			isa = XCConfigurationList;
			buildConfigurations = (
				1ACB9F78261CFA050079DE81 /* Debug */,
				1ACB9F79261CFA050079DE81 /* Release */,
			);
			defaultConfigurationIsVisible = 0;
			defaultConfigurationName = Release;
		};
		1ACB9F7A261CFA050079DE81 /* Build configuration list for PBXNativeTarget "InviUITests" */ = {
			isa = XCConfigurationList;
			buildConfigurations = (
				1ACB9F7B261CFA050079DE81 /* Debug */,
				1ACB9F7C261CFA050079DE81 /* Release */,
			);
			defaultConfigurationIsVisible = 0;
			defaultConfigurationName = Release;
		};
/* End XCConfigurationList section */

/* Begin XCVersionGroup section */
		1ACB9F53261CFA040079DE81 /* Invi.xcdatamodeld */ = {
			isa = XCVersionGroup;
			children = (
				1ACB9F54261CFA040079DE81 /* Invi.xcdatamodel */,
			);
			currentVersion = 1ACB9F54261CFA040079DE81 /* Invi.xcdatamodel */;
			path = Invi.xcdatamodeld;
			sourceTree = "<group>";
			versionGroupType = wrapper.xcdatamodel;
		};
/* End XCVersionGroup section */
	};
	rootObject = 1ACB9F3F261CFA040079DE81 /* Project object */;
}
